PODS:
  - Alamofire (5.0.0-beta.6)
  - ENSwiftSideMenu (0.1.4)

DEPENDENCIES:
  - Alamofire (~> 5.0.0-beta.5)
  - ENSwiftSideMenu

SPEC REPOS:
  https://github.com/cocoapods/specs.git:
    - Alamofire
    - ENSwiftSideMenu

SPEC CHECKSUMS:
  Alamofire: cd08a4402bd12cacd0c66f23fb12fec8d6b965e4
  ENSwiftSideMenu: 21e755dae28f09bbf453aa83b3d05f2e5f92ca39

PODFILE CHECKSUM: f1434fd1a9c6e0965cba4ce7174daa5bcf210c77

COCOAPODS: 1.5.3
